
Microsoft Visual Studio Solution File, Format Version 12.00
# Visual Studio 2012
Project("{FAE04EC0-301F-11D3-BF4B-00C04F79EFBC}") = "Paddys.Fifa.Leaderboard.Web", "Paddys.Fifa.Leaderboard.Web\Paddys.Fifa.Leaderboard.Web.csproj", "{B4F9C525-5C56-440E-B4C2-972A33D7C8CD}"
EndProject
Project("{FAE04EC0-301F-11D3-BF4B-00C04F79EFBC}") = "Paddys.Fifa.Leaderboard.Data", "Paddys.Fifa.Leaderboard.Data\Paddys.Fifa.Leaderboard.Data.csproj", "{01FF7DA2-6458-48D2-B203-B389B181A019}"
EndProject
Project("{FAE04EC0-301F-11D3-BF4B-00C04F79EFBC}") = "Paddys.Fifa.Leaderboard.Tests", "Paddys.Fifa.Leaderboard.Tests\Paddys.Fifa.Leaderboard.Tests.csproj", "{1AF9838D-AE25-4DEB-B24D-B2E18DA5E14D}"
EndProject
Project("{FAE04EC0-301F-11D3-BF4B-00C04F79EFBC}") = "Paddys.Fifa.Leaderboard.Interfaces", "Paddys.Fifa.Leaderboard.Interfaces\Paddys.Fifa.Leaderboard.Interfaces.csproj", "{47E0FDE6-CB87-4E0D-A420-FCDE2A9AD867}"
EndProject
Project("{FAE04EC0-301F-11D3-BF4B-00C04F79EFBC}") = "Paddys.Fifa.Leaderboard.Domain", "Paddys.Fifa.Leaderboard.Domain\Paddys.Fifa.Leaderboard.Domain.csproj", "{E45589F9-09B3-41D9-A524-ABA7A70DE891}"
EndProject
Project("{FAE04EC0-301F-11D3-BF4B-00C04F79EFBC}") = "Paddys.Fifa.Leaderboard.Models", "Paddys.Fifa.Leaderboard.Models\Paddys.Fifa.Leaderboard.Models.csproj", "{17F437C2-4317-4FD2-8122-29810758AB72}"
EndProject
Global
	GlobalSection(SolutionConfigurationPlatforms) = preSolution
		Debug|Any CPU = Debug|Any CPU
		Release|Any CPU = Release|Any CPU
	EndGlobalSection
	GlobalSection(ProjectConfigurationPlatforms) = postSolution
		{B4F9C525-5C56-440E-B4C2-972A33D7C8CD}.Debug|Any CPU.ActiveCfg = Debug|Any CPU
		{B4F9C525-5C56-440E-B4C2-972A33D7C8CD}.Debug|Any CPU.Build.0 = Debug|Any CPU
		{B4F9C525-5C56-440E-B4C2-972A33D7C8CD}.Release|Any CPU.ActiveCfg = Release|Any CPU
		{B4F9C525-5C56-440E-B4C2-972A33D7C8CD}.Release|Any CPU.Build.0 = Release|Any CPU
		{01FF7DA2-6458-48D2-B203-B389B181A019}.Debug|Any CPU.ActiveCfg = Debug|Any CPU
		{01FF7DA2-6458-48D2-B203-B389B181A019}.Debug|Any CPU.Build.0 = Debug|Any CPU
		{01FF7DA2-6458-48D2-B203-B389B181A019}.Release|Any CPU.ActiveCfg = Release|Any CPU
		{01FF7DA2-6458-48D2-B203-B389B181A019}.Release|Any CPU.Build.0 = Release|Any CPU
		{1AF9838D-AE25-4DEB-B24D-B2E18DA5E14D}.Debug|Any CPU.ActiveCfg = Debug|Any CPU
		{1AF9838D-AE25-4DEB-B24D-B2E18DA5E14D}.Debug|Any CPU.Build.0 = Debug|Any CPU
		{1AF9838D-AE25-4DEB-B24D-B2E18DA5E14D}.Release|Any CPU.ActiveCfg = Release|Any CPU
		{1AF9838D-AE25-4DEB-B24D-B2E18DA5E14D}.Release|Any CPU.Build.0 = Release|Any CPU
		{47E0FDE6-CB87-4E0D-A420-FCDE2A9AD867}.Debug|Any CPU.ActiveCfg = Debug|Any CPU
		{47E0FDE6-CB87-4E0D-A420-FCDE2A9AD867}.Debug|Any CPU.Build.0 = Debug|Any CPU
		{47E0FDE6-CB87-4E0D-A420-FCDE2A9AD867}.Release|Any CPU.ActiveCfg = Release|Any CPU
		{47E0FDE6-CB87-4E0D-A420-FCDE2A9AD867}.Release|Any CPU.Build.0 = Release|Any CPU
		{E45589F9-09B3-41D9-A524-ABA7A70DE891}.Debug|Any CPU.ActiveCfg = Debug|Any CPU
		{E45589F9-09B3-41D9-A524-ABA7A70DE891}.Debug|Any CPU.Build.0 = Debug|Any CPU
		{E45589F9-09B3-41D9-A524-ABA7A70DE891}.Release|Any CPU.ActiveCfg = Release|Any CPU
		{E45589F9-09B3-41D9-A524-ABA7A70DE891}.Release|Any CPU.Build.0 = Release|Any CPU
		{17F437C2-4317-4FD2-8122-29810758AB72}.Debug|Any CPU.ActiveCfg = Debug|Any CPU
		{17F437C2-4317-4FD2-8122-29810758AB72}.Debug|Any CPU.Build.0 = Debug|Any CPU
		{17F437C2-4317-4FD2-8122-29810758AB72}.Release|Any CPU.ActiveCfg = Release|Any CPU
		{17F437C2-4317-4FD2-8122-29810758AB72}.Release|Any CPU.Build.0 = Release|Any CPU
	EndGlobalSection
	GlobalSection(SolutionProperties) = preSolution
		HideSolutionNode = FALSE
	EndGlobalSection
EndGlobal
